// !$*UTF8*$!
{
	archiveVersion = 1;
	classes = {
	};
	objectVersion = 50;
	objects = {

/* Begin PBXBuildFile section */
		A026772E268AAF6700DB1EDE /* AppDelegate.swift in Sources */ = {isa = PBXBuildFile; fileRef = A026772D268AAF6700DB1EDE /* AppDelegate.swift */; };
		A0267730268AAF6700DB1EDE /* SceneDelegate.swift in Sources */ = {isa = PBXBuildFile; fileRef = A026772F268AAF6700DB1EDE /* SceneDelegate.swift */; };
		A0267732268AAF6700DB1EDE /* ViewController.swift in Sources */ = {isa = PBXBuildFile; fileRef = A0267731268AAF6700DB1EDE /* ViewController.swift */; };
		A0267735268AAF6700DB1EDE /* Main.storyboard in Resources */ = {isa = PBXBuildFile; fileRef = A0267733268AAF6700DB1EDE /* Main.storyboard */; };
		A0267737268AAF6900DB1EDE /* Assets.xcassets in Resources */ = {isa = PBXBuildFile; fileRef = A0267736268AAF6900DB1EDE /* Assets.xcassets */; };
		A026773A268AAF6900DB1EDE /* LaunchScreen.storyboard in Resources */ = {isa = PBXBuildFile; fileRef = A0267738268AAF6900DB1EDE /* LaunchScreen.storyboard */; };
		A0267745268AAF6A00DB1EDE /* Connecting_JsonTests.swift in Sources */ = {isa = PBXBuildFile; fileRef = A0267744268AAF6A00DB1EDE /* Connecting_JsonTests.swift */; };
		A0267750268AAF6A00DB1EDE /* Connecting_JsonUITests.swift in Sources */ = {isa = PBXBuildFile; fileRef = A026774F268AAF6A00DB1EDE /* Connecting_JsonUITests.swift */; };
		A0267761268AC0FA00DB1EDE /* Webservice.swift in Sources */ = {isa = PBXBuildFile; fileRef = A0267760268AC0FA00DB1EDE /* Webservice.swift */; };
		A0267767268AC12B00DB1EDE /* HttpMethod.swift in Sources */ = {isa = PBXBuildFile; fileRef = A0267765268AC12B00DB1EDE /* HttpMethod.swift */; };
		A0267768268AC12B00DB1EDE /* HttpStatus.swift in Sources */ = {isa = PBXBuildFile; fileRef = A0267766268AC12B00DB1EDE /* HttpStatus.swift */; };
		A0267771268AC1E700DB1EDE /* Endpoints.swift in Sources */ = {isa = PBXBuildFile; fileRef = A0267770268AC1E700DB1EDE /* Endpoints.swift */; };
		A0267777268AC25100DB1EDE /* User.swift in Sources */ = {isa = PBXBuildFile; fileRef = A0267776268AC25100DB1EDE /* User.swift */; };
		A026777C268AC27300DB1EDE /* Address.swift in Sources */ = {isa = PBXBuildFile; fileRef = A026777B268AC27300DB1EDE /* Address.swift */; };
/* End PBXBuildFile section */

/* Begin PBXContainerItemProxy section */
		A0267741268AAF6A00DB1EDE /* PBXContainerItemProxy */ = {
			isa = PBXContainerItemProxy;
			containerPortal = A0267722268AAF6700DB1EDE /* Project object */;
			proxyType = 1;
			remoteGlobalIDString = A0267729268AAF6700DB1EDE;
			remoteInfo = "Connecting Json";
		};
		A026774C268AAF6A00DB1EDE /* PBXContainerItemProxy */ = {
			isa = PBXContainerItemProxy;
			containerPortal = A0267722268AAF6700DB1EDE /* Project object */;
			proxyType = 1;
			remoteGlobalIDString = A0267729268AAF6700DB1EDE;
			remoteInfo = "Connecting Json";
		};
/* End PBXContainerItemProxy section */

/* Begin PBXFileReference section */
		A026772A268AAF6700DB1EDE /* Connecting Json.app */ = {isa = PBXFileReference; explicitFileType = wrapper.application; includeInIndex = 0; path = "Connecting Json.app"; sourceTree = BUILT_PRODUCTS_DIR; };
		A026772D268AAF6700DB1EDE /* AppDelegate.swift */ = {isa = PBXFileReference; lastKnownFileType = sourcecode.swift; path = AppDelegate.swift; sourceTree = "<group>"; };
		A026772F268AAF6700DB1EDE /* SceneDelegate.swift */ = {isa = PBXFileReference; lastKnownFileType = sourcecode.swift; path = SceneDelegate.swift; sourceTree = "<group>"; };
		A0267731268AAF6700DB1EDE /* ViewController.swift */ = {isa = PBXFileReference; lastKnownFileType = sourcecode.swift; path = ViewController.swift; sourceTree = "<group>"; };
		A0267734268AAF6700DB1EDE /* Base */ = {isa = PBXFileReference; lastKnownFileType = file.storyboard; name = Base; path = Base.lproj/Main.storyboard; sourceTree = "<group>"; };
		A0267736268AAF6900DB1EDE /* Assets.xcassets */ = {isa = PBXFileReference; lastKnownFileType = folder.assetcatalog; path = Assets.xcassets; sourceTree = "<group>"; };
		A0267739268AAF6900DB1EDE /* Base */ = {isa = PBXFileReference; lastKnownFileType = file.storyboard; name = Base; path = Base.lproj/LaunchScreen.storyboard; sourceTree = "<group>"; };
		A026773B268AAF6900DB1EDE /* Info.plist */ = {isa = PBXFileReference; lastKnownFileType = text.plist.xml; path = Info.plist; sourceTree = "<group>"; };
		A0267740268AAF6A00DB1EDE /* Connecting JsonTests.xctest */ = {isa = PBXFileReference; explicitFileType = wrapper.cfbundle; includeInIndex = 0; path = "Connecting JsonTests.xctest"; sourceTree = BUILT_PRODUCTS_DIR; };
		A0267744268AAF6A00DB1EDE /* Connecting_JsonTests.swift */ = {isa = PBXFileReference; lastKnownFileType = sourcecode.swift; path = Connecting_JsonTests.swift; sourceTree = "<group>"; };
		A0267746268AAF6A00DB1EDE /* Info.plist */ = {isa = PBXFileReference; lastKnownFileType = text.plist.xml; path = Info.plist; sourceTree = "<group>"; };
		A026774B268AAF6A00DB1EDE /* Connecting JsonUITests.xctest */ = {isa = PBXFileReference; explicitFileType = wrapper.cfbundle; includeInIndex = 0; path = "Connecting JsonUITests.xctest"; sourceTree = BUILT_PRODUCTS_DIR; };
		A026774F268AAF6A00DB1EDE /* Connecting_JsonUITests.swift */ = {isa = PBXFileReference; lastKnownFileType = sourcecode.swift; path = Connecting_JsonUITests.swift; sourceTree = "<group>"; };
		A0267751268AAF6A00DB1EDE /* Info.plist */ = {isa = PBXFileReference; lastKnownFileType = text.plist.xml; path = Info.plist; sourceTree = "<group>"; };
		A0267760268AC0FA00DB1EDE /* Webservice.swift */ = {isa = PBXFileReference; lastKnownFileType = sourcecode.swift; path = Webservice.swift; sourceTree = "<group>"; };
		A0267765268AC12B00DB1EDE /* HttpMethod.swift */ = {isa = PBXFileReference; fileEncoding = 4; lastKnownFileType = sourcecode.swift; path = HttpMethod.swift; sourceTree = "<group>"; };
		A0267766268AC12B00DB1EDE /* HttpStatus.swift */ = {isa = PBXFileReference; fileEncoding = 4; lastKnownFileType = sourcecode.swift; path = HttpStatus.swift; sourceTree = "<group>"; };
		A0267770268AC1E700DB1EDE /* Endpoints.swift */ = {isa = PBXFileReference; lastKnownFileType = sourcecode.swift; path = Endpoints.swift; sourceTree = "<group>"; };
		A0267776268AC25100DB1EDE /* User.swift */ = {isa = PBXFileReference; lastKnownFileType = sourcecode.swift; path = User.swift; sourceTree = "<group>"; };
		A026777B268AC27300DB1EDE /* Address.swift */ = {isa = PBXFileReference; lastKnownFileType = sourcecode.swift; path = Address.swift; sourceTree = "<group>"; };
/* End PBXFileReference section */

/* Begin PBXFrameworksBuildPhase section */
		A0267727268AAF6700DB1EDE /* Frameworks */ = {
			isa = PBXFrameworksBuildPhase;
			buildActionMask = 2147483647;
			files = (
			);
			runOnlyForDeploymentPostprocessing = 0;
		};
		A026773D268AAF6A00DB1EDE /* Frameworks */ = {
			isa = PBXFrameworksBuildPhase;
			buildActionMask = 2147483647;
			files = (
			);
			runOnlyForDeploymentPostprocessing = 0;
		};
		A0267748268AAF6A00DB1EDE /* Frameworks */ = {
			isa = PBXFrameworksBuildPhase;
			buildActionMask = 2147483647;
			files = (
			);
			runOnlyForDeploymentPostprocessing = 0;
		};
/* End PBXFrameworksBuildPhase section */

/* Begin PBXGroup section */
		A0267721268AAF6700DB1EDE = {
			isa = PBXGroup;
			children = (
				A026772C268AAF6700DB1EDE /* Connecting Json */,
				A0267743268AAF6A00DB1EDE /* Connecting JsonTests */,
				A026774E268AAF6A00DB1EDE /* Connecting JsonUITests */,
				A026772B268AAF6700DB1EDE /* Products */,
			);
			sourceTree = "<group>";
		};
		A026772B268AAF6700DB1EDE /* Products */ = {
			isa = PBXGroup;
			children = (
				A026772A268AAF6700DB1EDE /* Connecting Json.app */,
				A0267740268AAF6A00DB1EDE /* Connecting JsonTests.xctest */,
				A026774B268AAF6A00DB1EDE /* Connecting JsonUITests.xctest */,
			);
			name = Products;
			sourceTree = "<group>";
		};
		A026772C268AAF6700DB1EDE /* Connecting Json */ = {
			isa = PBXGroup;
			children = (
				A026773B268AAF6900DB1EDE /* Info.plist */,
				A0267775268AC22900DB1EDE /* Model */,
				A026776F268AC19A00DB1EDE /* Controller */,
				A026776E268AC15D00DB1EDE /* View */,
				A026776D268AC14900DB1EDE /* API */,
				A026776C268AC13100DB1EDE /* Supporting files */,
			);
			path = "Connecting Json";
			sourceTree = "<group>";
		};
		A0267743268AAF6A00DB1EDE /* Connecting JsonTests */ = {
			isa = PBXGroup;
			children = (
				A0267744268AAF6A00DB1EDE /* Connecting_JsonTests.swift */,
				A0267746268AAF6A00DB1EDE /* Info.plist */,
			);
			path = "Connecting JsonTests";
			sourceTree = "<group>";
		};
		A026774E268AAF6A00DB1EDE /* Connecting JsonUITests */ = {
			isa = PBXGroup;
			children = (
				A026774F268AAF6A00DB1EDE /* Connecting_JsonUITests.swift */,
				A0267751268AAF6A00DB1EDE /* Info.plist */,
			);
			path = "Connecting JsonUITests";
			sourceTree = "<group>";
		};
		A026776C268AC13100DB1EDE /* Supporting files */ = {
			isa = PBXGroup;
			children = (
				A026772D268AAF6700DB1EDE /* AppDelegate.swift */,
				A026772F268AAF6700DB1EDE /* SceneDelegate.swift */,
			);
			path = "Supporting files";
			sourceTree = "<group>";
		};
		A026776D268AC14900DB1EDE /* API */ = {
			isa = PBXGroup;
			children = (
				A0267765268AC12B00DB1EDE /* HttpMethod.swift */,
				A0267766268AC12B00DB1EDE /* HttpStatus.swift */,
				A0267760268AC0FA00DB1EDE /* Webservice.swift */,
				A0267770268AC1E700DB1EDE /* Endpoints.swift */,
			);
			path = API;
			sourceTree = "<group>";
		};
		A026776E268AC15D00DB1EDE /* View */ = {
			isa = PBXGroup;
			children = (
				A0267733268AAF6700DB1EDE /* Main.storyboard */,
				A0267736268AAF6900DB1EDE /* Assets.xcassets */,
				A0267738268AAF6900DB1EDE /* LaunchScreen.storyboard */,
			);
			path = View;
			sourceTree = "<group>";
		};
		A026776F268AC19A00DB1EDE /* Controller */ = {
			isa = PBXGroup;
			children = (
				A0267731268AAF6700DB1EDE /* ViewController.swift */,
			);
			path = Controller;
			sourceTree = "<group>";
		};
		A0267775268AC22900DB1EDE /* Model */ = {
			isa = PBXGroup;
			children = (
				A0267776268AC25100DB1EDE /* User.swift */,
				A026777B268AC27300DB1EDE /* Address.swift */,
			);
			path = Model;
			sourceTree = "<group>";
		};
/* End PBXGroup section */

/* Begin PBXNativeTarget section */
		A0267729268AAF6700DB1EDE /* Connecting Json */ = {
			isa = PBXNativeTarget;
			buildConfigurationList = A0267754268AAF6A00DB1EDE /* Build configuration list for PBXNativeTarget "Connecting Json" */;
			buildPhases = (
				A0267726268AAF6700DB1EDE /* Sources */,
				A0267727268AAF6700DB1EDE /* Frameworks */,
				A0267728268AAF6700DB1EDE /* Resources */,
			);
			buildRules = (
			);
			dependencies = (
			);
			name = "Connecting Json";
			productName = "Connecting Json";
			productReference = A026772A268AAF6700DB1EDE /* Connecting Json.app */;
			productType = "com.apple.product-type.application";
		};
		A026773F268AAF6A00DB1EDE /* Connecting JsonTests */ = {
			isa = PBXNativeTarget;
			buildConfigurationList = A0267757268AAF6A00DB1EDE /* Build configuration list for PBXNativeTarget "Connecting JsonTests" */;
			buildPhases = (
				A026773C268AAF6A00DB1EDE /* Sources */,
				A026773D268AAF6A00DB1EDE /* Frameworks */,
				A026773E268AAF6A00DB1EDE /* Resources */,
			);
			buildRules = (
			);
			dependencies = (
				A0267742268AAF6A00DB1EDE /* PBXTargetDependency */,
			);
			name = "Connecting JsonTests";
			productName = "Connecting JsonTests";
			productReference = A0267740268AAF6A00DB1EDE /* Connecting JsonTests.xctest */;
			productType = "com.apple.product-type.bundle.unit-test";
		};
		A026774A268AAF6A00DB1EDE /* Connecting JsonUITests */ = {
			isa = PBXNativeTarget;
			buildConfigurationList = A026775A268AAF6A00DB1EDE /* Build configuration list for PBXNativeTarget "Connecting JsonUITests" */;
			buildPhases = (
				A0267747268AAF6A00DB1EDE /* Sources */,
				A0267748268AAF6A00DB1EDE /* Frameworks */,
				A0267749268AAF6A00DB1EDE /* Resources */,
			);
			buildRules = (
			);
			dependencies = (
				A026774D268AAF6A00DB1EDE /* PBXTargetDependency */,
			);
			name = "Connecting JsonUITests";
			productName = "Connecting JsonUITests";
			productReference = A026774B268AAF6A00DB1EDE /* Connecting JsonUITests.xctest */;
			productType = "com.apple.product-type.bundle.ui-testing";
		};
/* End PBXNativeTarget section */

/* Begin PBXProject section */
		A0267722268AAF6700DB1EDE /* Project object */ = {
			isa = PBXProject;
			attributes = {
				LastSwiftUpdateCheck = 1230;
				LastUpgradeCheck = 1230;
				TargetAttributes = {
					A0267729268AAF6700DB1EDE = {
						CreatedOnToolsVersion = 12.3;
					};
					A026773F268AAF6A00DB1EDE = {
						CreatedOnToolsVersion = 12.3;
						TestTargetID = A0267729268AAF6700DB1EDE;
					};
					A026774A268AAF6A00DB1EDE = {
						CreatedOnToolsVersion = 12.3;
						TestTargetID = A0267729268AAF6700DB1EDE;
					};
				};
			};
			buildConfigurationList = A0267725268AAF6700DB1EDE /* Build configuration list for PBXProject "Connecting Json" */;
			compatibilityVersion = "Xcode 9.3";
			developmentRegion = en;
			hasScannedForEncodings = 0;
			knownRegions = (
				en,
				Base,
			);
			mainGroup = A0267721268AAF6700DB1EDE;
			productRefGroup = A026772B268AAF6700DB1EDE /* Products */;
			projectDirPath = "";
			projectRoot = "";
			targets = (
				A0267729268AAF6700DB1EDE /* Connecting Json */,
				A026773F268AAF6A00DB1EDE /* Connecting JsonTests */,
				A026774A268AAF6A00DB1EDE /* Connecting JsonUITests */,
			);
		};
/* End PBXProject section */

/* Begin PBXResourcesBuildPhase section */
		A0267728268AAF6700DB1EDE /* Resources */ = {
			isa = PBXResourcesBuildPhase;
			buildActionMask = 2147483647;
			files = (
				A026773A268AAF6900DB1EDE /* LaunchScreen.storyboard in Resources */,
				A0267737268AAF6900DB1EDE /* Assets.xcassets in Resources */,
				A0267735268AAF6700DB1EDE /* Main.storyboard in Resources */,
			);
			runOnlyForDeploymentPostprocessing = 0;
		};
		A026773E268AAF6A00DB1EDE /* Resources */ = {
			isa = PBXResourcesBuildPhase;
			buildActionMask = 2147483647;
			files = (
			);
			runOnlyForDeploymentPostprocessing = 0;
		};
		A0267749268AAF6A00DB1EDE /* Resources */ = {
			isa = PBXResourcesBuildPhase;
			buildActionMask = 2147483647;
			files = (
			);
			runOnlyForDeploymentPostprocessing = 0;
		};
/* End PBXResourcesBuildPhase section */

/* Begin PBXSourcesBuildPhase section */
		A0267726268AAF6700DB1EDE /* Sources */ = {
			isa = PBXSourcesBuildPhase;
			buildActionMask = 2147483647;
			files = (
				A026777C268AC27300DB1EDE /* Address.swift in Sources */,
				A0267732268AAF6700DB1EDE /* ViewController.swift in Sources */,
				A026772E268AAF6700DB1EDE /* AppDelegate.swift in Sources */,
				A0267767268AC12B00DB1EDE /* HttpMethod.swift in Sources */,
				A0267771268AC1E700DB1EDE /* Endpoints.swift in Sources */,
				A0267777268AC25100DB1EDE /* User.swift in Sources */,
				A0267761268AC0FA00DB1EDE /* Webservice.swift in Sources */,
				A0267730268AAF6700DB1EDE /* SceneDelegate.swift in Sources */,
				A0267768268AC12B00DB1EDE /* HttpStatus.swift in Sources */,
			);
			runOnlyForDeploymentPostprocessing = 0;
		};
		A026773C268AAF6A00DB1EDE /* Sources */ = {
			isa = PBXSourcesBuildPhase;
			buildActionMask = 2147483647;
			files = (
				A0267745268AAF6A00DB1EDE /* Connecting_JsonTests.swift in Sources */,
			);
			runOnlyForDeploymentPostprocessing = 0;
		};
		A0267747268AAF6A00DB1EDE /* Sources */ = {
			isa = PBXSourcesBuildPhase;
			buildActionMask = 2147483647;
			files = (
				A0267750268AAF6A00DB1EDE /* Connecting_JsonUITests.swift in Sources */,
			);
			runOnlyForDeploymentPostprocessing = 0;
		};
/* End PBXSourcesBuildPhase section */

/* Begin PBXTargetDependency section */
		A0267742268AAF6A00DB1EDE /* PBXTargetDependency */ = {
			isa = PBXTargetDependency;
			target = A0267729268AAF6700DB1EDE /* Connecting Json */;
			targetProxy = A0267741268AAF6A00DB1EDE /* PBXContainerItemProxy */;
		};
		A026774D268AAF6A00DB1EDE /* PBXTargetDependency */ = {
			isa = PBXTargetDependency;
			target = A0267729268AAF6700DB1EDE /* Connecting Json */;
			targetProxy = A026774C268AAF6A00DB1EDE /* PBXContainerItemProxy */;
		};
/* End PBXTargetDependency section */

/* Begin PBXVariantGroup section */
		A0267733268AAF6700DB1EDE /* Main.storyboard */ = {
			isa = PBXVariantGroup;
			children = (
				A0267734268AAF6700DB1EDE /* Base */,
			);
			name = Main.storyboard;
			sourceTree = "<group>";
		};
		A0267738268AAF6900DB1EDE /* LaunchScreen.storyboard */ = {
			isa = PBXVariantGroup;
			children = (
				A0267739268AAF6900DB1EDE /* Base */,
			);
			name = LaunchScreen.storyboard;
			sourceTree = "<group>";
		};
/* End PBXVariantGroup section */

/* Begin XCBuildConfiguration section */
		A0267752268AAF6A00DB1EDE /* Debug */ = {
			isa = XCBuildConfiguration;
			buildSettings = {
				ALWAYS_SEARCH_USER_PATHS = NO;
				CLANG_ANALYZER_NONNULL = YES;
				CLANG_ANALYZER_NUMBER_OBJECT_CONVERSION = YES_AGGRESSIVE;
				CLANG_CXX_LANGUAGE_STANDARD = "gnu++14";
				CLANG_CXX_LIBRARY = "libc++";
				CLANG_ENABLE_MODULES = YES;
				CLANG_ENABLE_OBJC_ARC = YES;
				CLANG_ENABLE_OBJC_WEAK = YES;
				CLANG_WARN_BLOCK_CAPTURE_AUTORELEASING = YES;
				CLANG_WARN_BOOL_CONVERSION = YES;
				CLANG_WARN_COMMA = YES;
				CLANG_WARN_CONSTANT_CONVERSION = YES;
				CLANG_WARN_DEPRECATED_OBJC_IMPLEMENTATIONS = YES;
				CLANG_WARN_DIRECT_OBJC_ISA_USAGE = YES_ERROR;
				CLANG_WARN_DOCUMENTATION_COMMENTS = YES;
				CLANG_WARN_EMPTY_BODY = YES;
				CLANG_WARN_ENUM_CONVERSION = YES;
				CLANG_WARN_INFINITE_RECURSION = YES;
				CLANG_WARN_INT_CONVERSION = YES;
				CLANG_WARN_NON_LITERAL_NULL_CONVERSION = YES;
				CLANG_WARN_OBJC_IMPLICIT_RETAIN_SELF = YES;
				CLANG_WARN_OBJC_LITERAL_CONVERSION = YES;
				CLANG_WARN_OBJC_ROOT_CLASS = YES_ERROR;
				CLANG_WARN_QUOTED_INCLUDE_IN_FRAMEWORK_HEADER = YES;
				CLANG_WARN_RANGE_LOOP_ANALYSIS = YES;
				CLANG_WARN_STRICT_PROTOTYPES = YES;
				CLANG_WARN_SUSPICIOUS_MOVE = YES;
				CLANG_WARN_UNGUARDED_AVAILABILITY = YES_AGGRESSIVE;
				CLANG_WARN_UNREACHABLE_CODE = YES;
				CLANG_WARN__DUPLICATE_METHOD_MATCH = YES;
				COPY_PHASE_STRIP = NO;
				DEBUG_INFORMATION_FORMAT = dwarf;
				ENABLE_STRICT_OBJC_MSGSEND = YES;
				ENABLE_TESTABILITY = YES;
				GCC_C_LANGUAGE_STANDARD = gnu11;
				GCC_DYNAMIC_NO_PIC = NO;
				GCC_NO_COMMON_BLOCKS = YES;
				GCC_OPTIMIZATION_LEVEL = 0;
				GCC_PREPROCESSOR_DEFINITIONS = (
					"DEBUG=1",
					"$(inherited)",
				);
				GCC_WARN_64_TO_32_BIT_CONVERSION = YES;
				GCC_WARN_ABOUT_RETURN_TYPE = YES_ERROR;
				GCC_WARN_UNDECLARED_SELECTOR = YES;
				GCC_WARN_UNINITIALIZED_AUTOS = YES_AGGRESSIVE;
				GCC_WARN_UNUSED_FUNCTION = YES;
				GCC_WARN_UNUSED_VARIABLE = YES;
				IPHONEOS_DEPLOYMENT_TARGET = 14.3;
				MTL_ENABLE_DEBUG_INFO = INCLUDE_SOURCE;
				MTL_FAST_MATH = YES;
				ONLY_ACTIVE_ARCH = YES;
				SDKROOT = iphoneos;
				SWIFT_ACTIVE_COMPILATION_CONDITIONS = DEBUG;
				SWIFT_OPTIMIZATION_LEVEL = "-Onone";
			};
			name = Debug;
		};
		A0267753268AAF6A00DB1EDE /* Release */ = {
			isa = XCBuildConfiguration;
			buildSettings = {
				ALWAYS_SEARCH_USER_PATHS = NO;
				CLANG_ANALYZER_NONNULL = YES;
				CLANG_ANALYZER_NUMBER_OBJECT_CONVERSION = YES_AGGRESSIVE;
				CLANG_CXX_LANGUAGE_STANDARD = "gnu++14";
				CLANG_CXX_LIBRARY = "libc++";
				CLANG_ENABLE_MODULES = YES;
				CLANG_ENABLE_OBJC_ARC = YES;
				CLANG_ENABLE_OBJC_WEAK = YES;
				CLANG_WARN_BLOCK_CAPTURE_AUTORELEASING = YES;
				CLANG_WARN_BOOL_CONVERSION = YES;
				CLANG_WARN_COMMA = YES;
				CLANG_WARN_CONSTANT_CONVERSION = YES;
				CLANG_WARN_DEPRECATED_OBJC_IMPLEMENTATIONS = YES;
				CLANG_WARN_DIRECT_OBJC_ISA_USAGE = YES_ERROR;
				CLANG_WARN_DOCUMENTATION_COMMENTS = YES;
				CLANG_WARN_EMPTY_BODY = YES;
				CLANG_WARN_ENUM_CONVERSION = YES;
				CLANG_WARN_INFINITE_RECURSION = YES;
				CLANG_WARN_INT_CONVERSION = YES;
				CLANG_WARN_NON_LITERAL_NULL_CONVERSION = YES;
				CLANG_WARN_OBJC_IMPLICIT_RETAIN_SELF = YES;
				CLANG_WARN_OBJC_LITERAL_CONVERSION = YES;
				CLANG_WARN_OBJC_ROOT_CLASS = YES_ERROR;
				CLANG_WARN_QUOTED_INCLUDE_IN_FRAMEWORK_HEADER = YES;
				CLANG_WARN_RANGE_LOOP_ANALYSIS = YES;
				CLANG_WARN_STRICT_PROTOTYPES = YES;
				CLANG_WARN_SUSPICIOUS_MOVE = YES;
				CLANG_WARN_UNGUARDED_AVAILABILITY = YES_AGGRESSIVE;
				CLANG_WARN_UNREACHABLE_CODE = YES;
				CLANG_WARN__DUPLICATE_METHOD_MATCH = YES;
				COPY_PHASE_STRIP = NO;
				DEBUG_INFORMATION_FORMAT = "dwarf-with-dsym";
				ENABLE_NS_ASSERTIONS = NO;
				ENABLE_STRICT_OBJC_MSGSEND = YES;
				GCC_C_LANGUAGE_STANDARD = gnu11;
				GCC_NO_COMMON_BLOCKS = YES;
				GCC_WARN_64_TO_32_BIT_CONVERSION = YES;
				GCC_WARN_ABOUT_RETURN_TYPE = YES_ERROR;
				GCC_WARN_UNDECLARED_SELECTOR = YES;
				GCC_WARN_UNINITIALIZED_AUTOS = YES_AGGRESSIVE;
				GCC_WARN_UNUSED_FUNCTION = YES;
				GCC_WARN_UNUSED_VARIABLE = YES;
				IPHONEOS_DEPLOYMENT_TARGET = 14.3;
				MTL_ENABLE_DEBUG_INFO = NO;
				MTL_FAST_MATH = YES;
				SDKROOT = iphoneos;
				SWIFT_COMPILATION_MODE = wholemodule;
				SWIFT_OPTIMIZATION_LEVEL = "-O";
				VALIDATE_PRODUCT = YES;
			};
			name = Release;
		};
		A0267755268AAF6A00DB1EDE /* Debug */ = {
			isa = XCBuildConfiguration;
			buildSettings = {
				ASSETCATALOG_COMPILER_APPICON_NAME = AppIcon;
				ASSETCATALOG_COMPILER_GLOBAL_ACCENT_COLOR_NAME = AccentColor;
				CODE_SIGN_STYLE = Automatic;
				DEVELOPMENT_TEAM = ZMR88Z3RES;
				INFOPLIST_FILE = "Connecting Json/Info.plist";
				LD_RUNPATH_SEARCH_PATHS = (
					"$(inherited)",
					"@executable_path/Frameworks",
				);
				PRODUCT_BUNDLE_IDENTIFIER = "cl.mpsoluciones.Connecting-Json";
				PRODUCT_NAME = "$(TARGET_NAME)";
				SWIFT_VERSION = 5.0;
				TARGETED_DEVICE_FAMILY = 1;
			};
			name = Debug;
		};
		A0267756268AAF6A00DB1EDE /* Release */ = {
			isa = XCBuildConfiguration;
			buildSettings = {
				ASSETCATALOG_COMPILER_APPICON_NAME = AppIcon;
				ASSETCATALOG_COMPILER_GLOBAL_ACCENT_COLOR_NAME = AccentColor;
				CODE_SIGN_STYLE = Automatic;
				DEVELOPMENT_TEAM = ZMR88Z3RES;
				INFOPLIST_FILE = "Connecting Json/Info.plist";
				LD_RUNPATH_SEARCH_PATHS = (
					"$(inherited)",
					"@executable_path/Frameworks",
				);
				PRODUCT_BUNDLE_IDENTIFIER = "cl.mpsoluciones.Connecting-Json";
				PRODUCT_NAME = "$(TARGET_NAME)";
				SWIFT_VERSION = 5.0;
				TARGETED_DEVICE_FAMILY = 1;
			};
			name = Release;
		};
		A0267758268AAF6A00DB1EDE /* Debug */ = {
			isa = XCBuildConfiguration;
			buildSettings = {
				ALWAYS_EMBED_SWIFT_STANDARD_LIBRARIES = YES;
				BUNDLE_LOADER = "$(TEST_HOST)";
				CODE_SIGN_STYLE = Automatic;
				DEVELOPMENT_TEAM = ZMR88Z3RES;
				INFOPLIST_FILE = "Connecting JsonTests/Info.plist";
				IPHONEOS_DEPLOYMENT_TARGET = 14.3;
				LD_RUNPATH_SEARCH_PATHS = (
					"$(inherited)",
					"@executable_path/Frameworks",
					"@loader_path/Frameworks",
				);
				PRODUCT_BUNDLE_IDENTIFIER = "cl.mpsoluciones.Connecting-JsonTests";
				PRODUCT_NAME = "$(TARGET_NAME)";
				SWIFT_VERSION = 5.0;
				TARGETED_DEVICE_FAMILY = "1,2";
				TEST_HOST = "$(BUILT_PRODUCTS_DIR)/Connecting Json.app/Connecting Json";
			};
			name = Debug;
		};
		A0267759268AAF6A00DB1EDE /* Release */ = {
			isa = XCBuildConfiguration;
			buildSettings = {
				ALWAYS_EMBED_SWIFT_STANDARD_LIBRARIES = YES;
				BUNDLE_LOADER = "$(TEST_HOST)";
				CODE_SIGN_STYLE = Automatic;
				DEVELOPMENT_TEAM = ZMR88Z3RES;
				INFOPLIST_FILE = "Connecting JsonTests/Info.plist";
				IPHONEOS_DEPLOYMENT_TARGET = 14.3;
				LD_RUNPATH_SEARCH_PATHS = (
					"$(inherited)",
					"@executable_path/Frameworks",
					"@loader_path/Frameworks",
				);
				PRODUCT_BUNDLE_IDENTIFIER = "cl.mpsoluciones.Connecting-JsonTests";
				PRODUCT_NAME = "$(TARGET_NAME)";
				SWIFT_VERSION = 5.0;
				TARGETED_DEVICE_FAMILY = "1,2";
				TEST_HOST = "$(BUILT_PRODUCTS_DIR)/Connecting Json.app/Connecting Json";
			};
			name = Release;
		};
		A026775B268AAF6A00DB1EDE /* Debug */ = {
			isa = XCBuildConfiguration;
			buildSettings = {
				ALWAYS_EMBED_SWIFT_STANDARD_LIBRARIES = YES;
				CODE_SIGN_STYLE = Automatic;
				DEVELOPMENT_TEAM = ZMR88Z3RES;
				INFOPLIST_FILE = "Connecting JsonUITests/Info.plist";
				LD_RUNPATH_SEARCH_PATHS = (
					"$(inherited)",
					"@executable_path/Frameworks",
					"@loader_path/Frameworks",
				);
				PRODUCT_BUNDLE_IDENTIFIER = "cl.mpsoluciones.Connecting-JsonUITests";
				PRODUCT_NAME = "$(TARGET_NAME)";
				SWIFT_VERSION = 5.0;
				TARGETED_DEVICE_FAMILY = "1,2";
				TEST_TARGET_NAME = "Connecting Json";
			};
			name = Debug;
		};
		A026775C268AAF6A00DB1EDE /* Release */ = {
			isa = XCBuildConfiguration;
			buildSettings = {
				ALWAYS_EMBED_SWIFT_STANDARD_LIBRARIES = YES;
				CODE_SIGN_STYLE = Automatic;
				DEVELOPMENT_TEAM = ZMR88Z3RES;
				INFOPLIST_FILE = "Connecting JsonUITests/Info.plist";
				LD_RUNPATH_SEARCH_PATHS = (
					"$(inherited)",
					"@executable_path/Frameworks",
					"@loader_path/Frameworks",
				);
				PRODUCT_BUNDLE_IDENTIFIER = "cl.mpsoluciones.Connecting-JsonUITests";
				PRODUCT_NAME = "$(TARGET_NAME)";
				SWIFT_VERSION = 5.0;
				TARGETED_DEVICE_FAMILY = "1,2";
				TEST_TARGET_NAME = "Connecting Json";
			};
			name = Release;
		};
/* End XCBuildConfiguration section */

/* Begin XCConfigurationList section */
		A0267725268AAF6700DB1EDE /* Build configuration list for PBXProject "Connecting Json" */ = {
			isa = XCConfigurationList;
			buildConfigurations = (
				A0267752268AAF6A00DB1EDE /* Debug */,
				A0267753268AAF6A00DB1EDE /* Release */,
			);
			defaultConfigurationIsVisible = 0;
			defaultConfigurationName = Release;
		};
		A0267754268AAF6A00DB1EDE /* Build configuration list for PBXNativeTarget "Connecting Json" */ = {
			isa = XCConfigurationList;
			buildConfigurations = (
				A0267755268AAF6A00DB1EDE /* Debug */,
				A0267756268AAF6A00DB1EDE /* Release */,
			);
			defaultConfigurationIsVisible = 0;
			defaultConfigurationName = Release;
		};
		A0267757268AAF6A00DB1EDE /* Build configuration list for PBXNativeTarget "Connecting JsonTests" */ = {
			isa = XCConfigurationList;
			buildConfigurations = (
				A0267758268AAF6A00DB1EDE /* Debug */,
				A0267759268AAF6A00DB1EDE /* Release */,
			);
			defaultConfigurationIsVisible = 0;
			defaultConfigurationName = Release;
		};
		A026775A268AAF6A00DB1EDE /* Build configuration list for PBXNativeTarget "Connecting JsonUITests" */ = {
			isa = XCConfigurationList;
			buildConfigurations = (
				A026775B268AAF6A00DB1EDE /* Debug */,
				A026775C268AAF6A00DB1EDE /* Release */,
			);
			defaultConfigurationIsVisible = 0;
			defaultConfigurationName = Release;
		};
/* End XCConfigurationList section */
	};
	rootObject = A0267722268AAF6700DB1EDE /* Project object */;
}
